<?xml version="1.0" encoding="utf-8"?>
<Project ToolsVersion="4.0" xmlns="http://schemas.microsoft.com/developer/msbuild/2003">
  <ItemGroup>
    <ClCompile Include="Camera.cpp" />
    <ClCompile Include="DebugRenderer.cpp" />
    <ClCompile Include="InputManager.cpp" />
    <ClCompile Include="Loader.cpp" />
    <ClCompile Include="picoPNG.cpp" />
    <ClCompile Include="ResourceManager.cpp" />
    <ClCompile Include="ShaderProgram.cpp" />
    <ClCompile Include="SpriteBatch.cpp" />
    <ClCompile Include="Timing.cpp" />
    <ClCompile Include="Window.cpp" />
    <ClCompile Include="Button.cpp">
      <Filter>GUI</Filter>
    </ClCompile>
    <ClCompile Include="GUI.cpp">
      <Filter>GUI</Filter>
    </ClCompile>
    <ClCompile Include="Panel.cpp">
      <Filter>GUI</Filter>
    </ClCompile>
    <ClCompile Include="RadioButton.cpp">
      <Filter>GUI</Filter>
    </ClCompile>
    <ClCompile Include="SpriteFont.cpp" />
    <ClCompile Include="GUILabel.cpp">
      <Filter>GUI</Filter>
    </ClCompile>
    <ClCompile Include="TextureCache.cpp" />
    <ClCompile Include="Background.cpp" />
    <ClCompile Include="Checkbox.cpp">
      <Filter>GUI</Filter>
    </ClCompile>
  </ItemGroup>
  <ItemGroup>
    <ClInclude Include="Camera.h" />
    <ClInclude Include="DebugRenderer.h" />
    <ClInclude Include="InputManager.h" />
    <ClInclude Include="Loader.h" />
    <ClInclude Include="picoPNG.h" />
    <ClInclude Include="ResourceManager.h" />
    <ClInclude Include="ShaderProgram.h" />
    <ClInclude Include="SpriteBatch.h" />
    <ClInclude Include="SpriteSheet.h" />
    <ClInclude Include="Texture.h" />
    <ClInclude Include="Timing.h" />
    <ClInclude Include="Vertex.h" />
    <ClInclude Include="Window.h" />
    <ClInclude Include="Button.h">
      <Filter>GUI</Filter>
    </ClInclude>
    <ClInclude Include="GUI.h">
      <Filter>GUI</Filter>
    </ClInclude>
    <ClInclude Include="Panel.h">
      <Filter>GUI</Filter>
    </ClInclude>
    <ClInclude Include="RadioButton.h">
      <Filter>GUI</Filter>
    </ClInclude>
    <ClInclude Include="SpriteFont.h" />
    <ClInclude Include="GUILabel.h" />
    <ClInclude Include="TextureCache.h" />
    <ClInclude Include="Background.h" />
    <ClInclude Include="Checkbox.h">
      <Filter>GUI</Filter>
    </ClInclude>
  </ItemGroup>
  <ItemGroup>
    <Filter Include="GUI">
      <UniqueIdentifier>{7f554438-8dfd-4dd0-8c52-ce161d1944db}</UniqueIdentifier>
    </Filter>
  </ItemGroup>
</Project>